
Microsoft Visual Studio Solution File, Format Version 12.00
# Visual Studio Version 17
VisualStudioVersion = 17.6.33723.286
MinimumVisualStudioVersion = 10.0.40219.1
Project("{9A19103F-16F7-4668-BE54-9A1E7A4F7556}") = "DentalDrill.CRM", "DentalDrill.CRM\DentalDrill.CRM.csproj", "{9BF602F5-BB9A-4FD5-B177-9B5438BAF1D9}"
EndProject
Project("{9A19103F-16F7-4668-BE54-9A1E7A4F7556}") = "DentalDrill.SmartFreight.Client", "DentalDrill.SmartFreight.Client\DentalDrill.SmartFreight.Client.csproj", "{3BFA7F8A-767B-4058-8EE5-85E97E6BF8A2}"
EndProject
Project("{9A19103F-16F7-4668-BE54-9A1E7A4F7556}") = "DentalDrill.SmartFreight.Client.Tests", "DentalDrill.SmartFreight.Client.Tests\DentalDrill.SmartFreight.Client.Tests.csproj", "{DBF509C7-AE0A-47C3-85A9-ED5FB20E7766}"
EndProject
Project("{9A19103F-16F7-4668-BE54-9A1E7A4F7556}") = "DentalDrill.CRM.Tests", "DentalDrill.CRM.Tests\DentalDrill.CRM.Tests.csproj", "{F7011778-0BD6-4BDC-844D-26AB00C3A5B8}"
EndProject
Global
	GlobalSection(SolutionConfigurationPlatforms) = preSolution
		Debug|Any CPU = Debug|Any CPU
		Release|Any CPU = Release|Any CPU
	EndGlobalSection
	GlobalSection(ProjectConfigurationPlatforms) = postSolution
		{9BF602F5-BB9A-4FD5-B177-9B5438BAF1D9}.Debug|Any CPU.ActiveCfg = Debug|Any CPU
		{9BF602F5-BB9A-4FD5-B177-9B5438BAF1D9}.Debug|Any CPU.Build.0 = Debug|Any CPU
		{9BF602F5-BB9A-4FD5-B177-9B5438BAF1D9}.Release|Any CPU.ActiveCfg = Release|Any CPU
		{9BF602F5-BB9A-4FD5-B177-9B5438BAF1D9}.Release|Any CPU.Build.0 = Release|Any CPU
		{3BFA7F8A-767B-4058-8EE5-85E97E6BF8A2}.Debug|Any CPU.ActiveCfg = Debug|Any CPU
		{3BFA7F8A-767B-4058-8EE5-85E97E6BF8A2}.Debug|Any CPU.Build.0 = Debug|Any CPU
		{3BFA7F8A-767B-4058-8EE5-85E97E6BF8A2}.Release|Any CPU.ActiveCfg = Release|Any CPU
		{3BFA7F8A-767B-4058-8EE5-85E97E6BF8A2}.Release|Any CPU.Build.0 = Release|Any CPU
		{DBF509C7-AE0A-47C3-85A9-ED5FB20E7766}.Debug|Any CPU.ActiveCfg = Debug|Any CPU
		{DBF509C7-AE0A-47C3-85A9-ED5FB20E7766}.Debug|Any CPU.Build.0 = Debug|Any CPU
		{DBF509C7-AE0A-47C3-85A9-ED5FB20E7766}.Release|Any CPU.ActiveCfg = Release|Any CPU
		{DBF509C7-AE0A-47C3-85A9-ED5FB20E7766}.Release|Any CPU.Build.0 = Release|Any CPU
		{F7011778-0BD6-4BDC-844D-26AB00C3A5B8}.Debug|Any CPU.ActiveCfg = Debug|Any CPU
		{F7011778-0BD6-4BDC-844D-26AB00C3A5B8}.Debug|Any CPU.Build.0 = Debug|Any CPU
		{F7011778-0BD6-4BDC-844D-26AB00C3A5B8}.Release|Any CPU.ActiveCfg = Release|Any CPU
		{F7011778-0BD6-4BDC-844D-26AB00C3A5B8}.Release|Any CPU.Build.0 = Release|Any CPU
	EndGlobalSection
	GlobalSection(SolutionProperties) = preSolution
		HideSolutionNode = FALSE
	EndGlobalSection
	GlobalSection(ExtensibilityGlobals) = postSolution
		SolutionGuid = {699DBBA1-2662-48C3-8059-A54EECA85D20}
	EndGlobalSection
EndGlobal
